{
  "name": "@zuku/editor",
  "version": "0.1.0",
  "lockfileVersion": 3,
  "requires": true,
  "packages": {
    "": {
      "name": "@zuku/editor",
      "version": "0.1.0",
      "license": "MIT",
      "devDependencies": {
        "ace-builds": "1.44.0",
        "fake-indexeddb": "6.2.4"
      }
    },
    "node_modules/ace-builds": {
      "version": "1.44.0",
      "resolved": "https://registry.npmjs.org/ace-builds/-/ace-builds-1.44.0.tgz",
      "integrity": "sha512-PFNMSYqFdEUkul2Ntud0HvA09AgY+F1ag0UYdpMH60wNI/qOA8cB8tlTgoALMEwIdUPJK2CjrIQ7OnbiSS/ugQ==",
      "dev": true,
      "license": "BSD-3-Clause"
    },
    "node_modules/fake-indexeddb": {
      "version": "6.2.4",
      "resolved": "https://registry.npmjs.org/fake-indexeddb/-/fake-indexeddb-6.2.4.tgz",
      "integrity": "sha512-INKeIKEtSViN4yVtEWEUqbsqmaIy7Ls+MfU0yxQVXg67pOJ/sH1ZxcVrP8XrKULUFohcPD9gnmym+qBfEybACw==",
      "dev": true,
      "license": "Apache-2.0",
      "engines": {
        "node": ">=18"
      }
    }
  }
}
